
Microsoft Visual Studio Solution File, Format Version 12.00
# Visual Studio 15
VisualStudioVersion = 15.0.28307.421
MinimumVisualStudioVersion = 10.0.40219.1
Project("{FAE04EC0-301F-11D3-BF4B-00C04F79EFBC}") = "Blog", "Blog\Blog.csproj", "{20EB6039-4912-4A06-B062-42F0D08E0943}"
EndProject
Global
	GlobalSection(SolutionConfigurationPlatforms) = preSolution
		Debug|Any CPU = Debug|Any CPU
		Release|Any CPU = Release|Any CPU
	EndGlobalSection
	GlobalSection(ProjectConfigurationPlatforms) = postSolution
		{20EB6039-4912-4A06-B062-42F0D08E0943}.Debug|Any CPU.ActiveCfg = Debug|Any CPU
		{20EB6039-4912-4A06-B062-42F0D08E0943}.Debug|Any CPU.Build.0 = Debug|Any CPU
		{20EB6039-4912-4A06-B062-42F0D08E0943}.Release|Any CPU.ActiveCfg = Release|Any CPU
		{20EB6039-4912-4A06-B062-42F0D08E0943}.Release|Any CPU.Build.0 = Release|Any CPU
	EndGlobalSection
	GlobalSection(SolutionProperties) = preSolution
		HideSolutionNode = FALSE
	EndGlobalSection
	GlobalSection(ExtensibilityGlobals) = postSolution
		SolutionGuid = {A160644E-0B7B-4EEC-A7B3-E17FD0487D60}
	EndGlobalSection
EndGlobal
